{
  "version": 4,
  "terraform_version": "1.0.0",
  "serial": 5,
  "lineage": "cbc27707-7586-b872-e5b1-8def7463fb49",
  "outputs": {},
  "resources": [
    {
      "mode": "managed",
      "type": "google_artifact_registry_repository",
      "name": "my-repo",
      "provider": "provider[\"registry.terraform.io/hashicorp/google-beta\"]",
      "instances": [
        {
          "schema_version": 0,
          "attributes": {
            "create_time": "2022-02-01T20:15:28.852613Z",
            "description": "example docker repository",
            "format": "DOCKER",
            "id": "projects/gcp-mig-demo-340020/locations/us-central1/repositories/gpc-mig-example",
            "kms_key_name": "",
            "labels": {},
            "location": "us-central1",
            "name": "gpc-mig-example",
            "project": "gcp-mig-demo-340020",
            "repository_id": "gpc-mig-example",
            "timeouts": null,
            "update_time": "2022-02-01T20:15:28.852613Z"
          },
          "sensitive_attributes": [],
          "private": "eyJlMmJmYjczMC1lY2FhLTExZTYtOGY4OC0zNDM2M2JjN2M0YzAiOnsiY3JlYXRlIjoxMjAwMDAwMDAwMDAwLCJkZWxldGUiOjEyMDAwMDAwMDAwMDAsInVwZGF0ZSI6MTIwMDAwMDAwMDAwMH19"
        }
      ]
    },
    {
      "mode": "managed",
      "type": "google_compute_network",
      "name": "vpc_network",
      "provider": "provider[\"registry.terraform.io/hashicorp/google\"]",
      "instances": [
        {
          "schema_version": 0,
          "attributes": {
            "auto_create_subnetworks": true,
            "delete_default_routes_on_create": false,
            "description": "",
            "gateway_ipv4": "",
            "id": "projects/gcp-mig-demo-340020/global/networks/vpc-network",
            "mtu": 0,
            "name": "vpc-network",
            "project": "gcp-mig-demo-340020",
            "routing_mode": "REGIONAL",
            "self_link": "https://www.googleapis.com/compute/v1/projects/gcp-mig-demo-340020/global/networks/vpc-network",
            "timeouts": null
          },
          "sensitive_attributes": [],
          "private": "eyJlMmJmYjczMC1lY2FhLTExZTYtOGY4OC0zNDM2M2JjN2M0YzAiOnsiY3JlYXRlIjoxMjAwMDAwMDAwMDAwLCJkZWxldGUiOjEyMDAwMDAwMDAwMDAsInVwZGF0ZSI6MTIwMDAwMDAwMDAwMH19"
        }
      ]
    }
  ]
}
